
Microsoft Visual Studio Solution File, Format Version 12.00
# Visual Studio Version 17
VisualStudioVersion = 17.10.35122.118
MinimumVisualStudioVersion = 10.0.40219.1
Project("{8BC9CEB8-8B4A-11D0-8D11-00A0C91BC942}") = "ArenaConsole", "ArenaConsole.vcxproj", "{1C0E1833-B7D8-4499-93F0-A6F6B54F0C38}"
EndProject
Project("{8BC9CEB8-8B4A-11D0-8D11-00A0C91BC942}") = "ConsoleMultiCameraManager", "..\ConsoleMultiCameraManager\ConsoleMultiCameraManager.vcxproj", "{2C38B3A5-9D87-4F22-B958-4AA3F2BD90FF}"
EndProject
Project("{8BC9CEB8-8B4A-11D0-8D11-00A0C91BC942}") = "PlayNitrideCameraComponet", "..\PlayNitrideCameraComponet\PlayNitrideCameraComponet.vcxproj", "{1710CFCE-FB33-4137-9041-45AEDB127AAD}"
EndProject
Project("{FAE04EC0-301F-11D3-BF4B-00C04F79EFBC}") = "ConsoleApp_CSharpUseCppDll", "..\ConsoleApp\ConsoleApp_CSharpUseCppDll.csproj", "{5A1FCAE0-7411-45D1-AC6F-D755CFFA7F4F}"
EndProject
Project("{8BC9CEB8-8B4A-11D0-8D11-00A0C91BC942}") = "OmronUnitTest", "..\OmronUnitTest\OmronUnitTest.vcxproj", "{DC1D373E-1F21-43C6-8CB5-21E159F98F01}"
EndProject
Project("{8BC9CEB8-8B4A-11D0-8D11-00A0C91BC942}") = "StViewer", "..\StViewer\StViewer.vcxproj", "{85AD540A-4DCB-4DFF-AC3A-83146B990DD0}"
EndProject
Global
	GlobalSection(SolutionConfigurationPlatforms) = preSolution
		Debug|Any CPU = Debug|Any CPU
		Debug|x64 = Debug|x64
		Debug|x86 = Debug|x86
		Release|Any CPU = Release|Any CPU
		Release|x64 = Release|x64
		Release|x86 = Release|x86
	EndGlobalSection
	GlobalSection(ProjectConfigurationPlatforms) = postSolution
		{1C0E1833-B7D8-4499-93F0-A6F6B54F0C38}.Debug|Any CPU.ActiveCfg = Debug|x64
		{1C0E1833-B7D8-4499-93F0-A6F6B54F0C38}.Debug|Any CPU.Build.0 = Debug|x64
		{1C0E1833-B7D8-4499-93F0-A6F6B54F0C38}.Debug|x64.ActiveCfg = Debug|x64
		{1C0E1833-B7D8-4499-93F0-A6F6B54F0C38}.Debug|x64.Build.0 = Debug|x64
		{1C0E1833-B7D8-4499-93F0-A6F6B54F0C38}.Debug|x86.ActiveCfg = Debug|Win32
		{1C0E1833-B7D8-4499-93F0-A6F6B54F0C38}.Debug|x86.Build.0 = Debug|Win32
		{1C0E1833-B7D8-4499-93F0-A6F6B54F0C38}.Release|Any CPU.ActiveCfg = Release|x64
		{1C0E1833-B7D8-4499-93F0-A6F6B54F0C38}.Release|Any CPU.Build.0 = Release|x64
		{1C0E1833-B7D8-4499-93F0-A6F6B54F0C38}.Release|x64.ActiveCfg = Release|x64
		{1C0E1833-B7D8-4499-93F0-A6F6B54F0C38}.Release|x64.Build.0 = Release|x64
		{1C0E1833-B7D8-4499-93F0-A6F6B54F0C38}.Release|x86.ActiveCfg = Release|Win32
		{1C0E1833-B7D8-4499-93F0-A6F6B54F0C38}.Release|x86.Build.0 = Release|Win32
		{2C38B3A5-9D87-4F22-B958-4AA3F2BD90FF}.Debug|Any CPU.ActiveCfg = Debug|x64
		{2C38B3A5-9D87-4F22-B958-4AA3F2BD90FF}.Debug|Any CPU.Build.0 = Debug|x64
		{2C38B3A5-9D87-4F22-B958-4AA3F2BD90FF}.Debug|x64.ActiveCfg = Debug|x64
		{2C38B3A5-9D87-4F22-B958-4AA3F2BD90FF}.Debug|x64.Build.0 = Debug|x64
		{2C38B3A5-9D87-4F22-B958-4AA3F2BD90FF}.Debug|x86.ActiveCfg = Debug|Win32
		{2C38B3A5-9D87-4F22-B958-4AA3F2BD90FF}.Debug|x86.Build.0 = Debug|Win32
		{2C38B3A5-9D87-4F22-B958-4AA3F2BD90FF}.Release|Any CPU.ActiveCfg = Release|x64
		{2C38B3A5-9D87-4F22-B958-4AA3F2BD90FF}.Release|Any CPU.Build.0 = Release|x64
		{2C38B3A5-9D87-4F22-B958-4AA3F2BD90FF}.Release|x64.ActiveCfg = Release|x64
		{2C38B3A5-9D87-4F22-B958-4AA3F2BD90FF}.Release|x64.Build.0 = Release|x64
		{2C38B3A5-9D87-4F22-B958-4AA3F2BD90FF}.Release|x86.ActiveCfg = Release|Win32
		{2C38B3A5-9D87-4F22-B958-4AA3F2BD90FF}.Release|x86.Build.0 = Release|Win32
		{1710CFCE-FB33-4137-9041-45AEDB127AAD}.Debug|Any CPU.ActiveCfg = Debug|x64
		{1710CFCE-FB33-4137-9041-45AEDB127AAD}.Debug|Any CPU.Build.0 = Debug|x64
		{1710CFCE-FB33-4137-9041-45AEDB127AAD}.Debug|x64.ActiveCfg = Debug|x64
		{1710CFCE-FB33-4137-9041-45AEDB127AAD}.Debug|x64.Build.0 = Debug|x64
		{1710CFCE-FB33-4137-9041-45AEDB127AAD}.Debug|x86.ActiveCfg = Debug|Win32
		{1710CFCE-FB33-4137-9041-45AEDB127AAD}.Debug|x86.Build.0 = Debug|Win32
		{1710CFCE-FB33-4137-9041-45AEDB127AAD}.Release|Any CPU.ActiveCfg = Release|x64
		{1710CFCE-FB33-4137-9041-45AEDB127AAD}.Release|Any CPU.Build.0 = Release|x64
		{1710CFCE-FB33-4137-9041-45AEDB127AAD}.Release|x64.ActiveCfg = Release|x64
		{1710CFCE-FB33-4137-9041-45AEDB127AAD}.Release|x64.Build.0 = Release|x64
		{1710CFCE-FB33-4137-9041-45AEDB127AAD}.Release|x86.ActiveCfg = Release|Win32
		{1710CFCE-FB33-4137-9041-45AEDB127AAD}.Release|x86.Build.0 = Release|Win32
		{5A1FCAE0-7411-45D1-AC6F-D755CFFA7F4F}.Debug|Any CPU.ActiveCfg = Debug|Any CPU
		{5A1FCAE0-7411-45D1-AC6F-D755CFFA7F4F}.Debug|Any CPU.Build.0 = Debug|Any CPU
		{5A1FCAE0-7411-45D1-AC6F-D755CFFA7F4F}.Debug|x64.ActiveCfg = Debug|Any CPU
		{5A1FCAE0-7411-45D1-AC6F-D755CFFA7F4F}.Debug|x64.Build.0 = Debug|Any CPU
		{5A1FCAE0-7411-45D1-AC6F-D755CFFA7F4F}.Debug|x86.ActiveCfg = Debug|Any CPU
		{5A1FCAE0-7411-45D1-AC6F-D755CFFA7F4F}.Debug|x86.Build.0 = Debug|Any CPU
		{5A1FCAE0-7411-45D1-AC6F-D755CFFA7F4F}.Release|Any CPU.ActiveCfg = Release|Any CPU
		{5A1FCAE0-7411-45D1-AC6F-D755CFFA7F4F}.Release|Any CPU.Build.0 = Release|Any CPU
		{5A1FCAE0-7411-45D1-AC6F-D755CFFA7F4F}.Release|x64.ActiveCfg = Release|Any CPU
		{5A1FCAE0-7411-45D1-AC6F-D755CFFA7F4F}.Release|x64.Build.0 = Release|Any CPU
		{5A1FCAE0-7411-45D1-AC6F-D755CFFA7F4F}.Release|x86.ActiveCfg = Release|Any CPU
		{5A1FCAE0-7411-45D1-AC6F-D755CFFA7F4F}.Release|x86.Build.0 = Release|Any CPU
		{DC1D373E-1F21-43C6-8CB5-21E159F98F01}.Debug|Any CPU.ActiveCfg = Debug|x64
		{DC1D373E-1F21-43C6-8CB5-21E159F98F01}.Debug|Any CPU.Build.0 = Debug|x64
		{DC1D373E-1F21-43C6-8CB5-21E159F98F01}.Debug|x64.ActiveCfg = Debug|x64
		{DC1D373E-1F21-43C6-8CB5-21E159F98F01}.Debug|x64.Build.0 = Debug|x64
		{DC1D373E-1F21-43C6-8CB5-21E159F98F01}.Debug|x86.ActiveCfg = Debug|Win32
		{DC1D373E-1F21-43C6-8CB5-21E159F98F01}.Debug|x86.Build.0 = Debug|Win32
		{DC1D373E-1F21-43C6-8CB5-21E159F98F01}.Release|Any CPU.ActiveCfg = Release|x64
		{DC1D373E-1F21-43C6-8CB5-21E159F98F01}.Release|Any CPU.Build.0 = Release|x64
		{DC1D373E-1F21-43C6-8CB5-21E159F98F01}.Release|x64.ActiveCfg = Release|x64
		{DC1D373E-1F21-43C6-8CB5-21E159F98F01}.Release|x64.Build.0 = Release|x64
		{DC1D373E-1F21-43C6-8CB5-21E159F98F01}.Release|x86.ActiveCfg = Release|Win32
		{DC1D373E-1F21-43C6-8CB5-21E159F98F01}.Release|x86.Build.0 = Release|Win32
		{85AD540A-4DCB-4DFF-AC3A-83146B990DD0}.Debug|Any CPU.ActiveCfg = Debug|x64
		{85AD540A-4DCB-4DFF-AC3A-83146B990DD0}.Debug|Any CPU.Build.0 = Debug|x64
		{85AD540A-4DCB-4DFF-AC3A-83146B990DD0}.Debug|x64.ActiveCfg = Debug|x64
		{85AD540A-4DCB-4DFF-AC3A-83146B990DD0}.Debug|x64.Build.0 = Debug|x64
		{85AD540A-4DCB-4DFF-AC3A-83146B990DD0}.Debug|x86.ActiveCfg = Debug|Win32
		{85AD540A-4DCB-4DFF-AC3A-83146B990DD0}.Debug|x86.Build.0 = Debug|Win32
		{85AD540A-4DCB-4DFF-AC3A-83146B990DD0}.Release|Any CPU.ActiveCfg = Release|x64
		{85AD540A-4DCB-4DFF-AC3A-83146B990DD0}.Release|Any CPU.Build.0 = Release|x64
		{85AD540A-4DCB-4DFF-AC3A-83146B990DD0}.Release|x64.ActiveCfg = Release|x64
		{85AD540A-4DCB-4DFF-AC3A-83146B990DD0}.Release|x64.Build.0 = Release|x64
		{85AD540A-4DCB-4DFF-AC3A-83146B990DD0}.Release|x86.ActiveCfg = Release|Win32
		{85AD540A-4DCB-4DFF-AC3A-83146B990DD0}.Release|x86.Build.0 = Release|Win32
	EndGlobalSection
	GlobalSection(SolutionProperties) = preSolution
		HideSolutionNode = FALSE
	EndGlobalSection
	GlobalSection(ExtensibilityGlobals) = postSolution
		SolutionGuid = {8CAA6D50-9B24-4FA2-9688-C54B8FB4A836}
	EndGlobalSection
EndGlobal
